
Microsoft Visual Studio Solution File, Format Version 12.00
# Visual Studio Version 17
VisualStudioVersion = 17.13.36105.23 d17.13
MinimumVisualStudioVersion = 10.0.40219.1
Project("{FAE04EC0-301F-11D3-BF4B-00C04F79EFBC}") = "Zhally.Toolkit", "Zhally.Toolkit.csproj", "{EF0F1C07-247F-441D-827D-BFB3FE9C30FD}"
EndProject
Global
	GlobalSection(SolutionConfigurationPlatforms) = preSolution
		Debug|Any CPU = Debug|Any CPU
		Release|Any CPU = Release|Any CPU
	EndGlobalSection
	GlobalSection(ProjectConfigurationPlatforms) = postSolution
		{EF0F1C07-247F-441D-827D-BFB3FE9C30FD}.Debug|Any CPU.ActiveCfg = Debug|Any CPU
		{EF0F1C07-247F-441D-827D-BFB3FE9C30FD}.Debug|Any CPU.Build.0 = Debug|Any CPU
		{EF0F1C07-247F-441D-827D-BFB3FE9C30FD}.Release|Any CPU.ActiveCfg = Release|Any CPU
		{EF0F1C07-247F-441D-827D-BFB3FE9C30FD}.Release|Any CPU.Build.0 = Release|Any CPU
	EndGlobalSection
	GlobalSection(SolutionProperties) = preSolution
		HideSolutionNode = FALSE
	EndGlobalSection
	GlobalSection(ExtensibilityGlobals) = postSolution
		SolutionGuid = {D10D71DC-6B88-4A70-98E4-C31DB684A9AE}
	EndGlobalSection
EndGlobal
